<?xml version="1.0" encoding="utf-8"?>
<Project ToolsVersion="4.0" xmlns="http://schemas.microsoft.com/developer/msbuild/2003">
  <ItemGroup>
    <Filter Include="Source Files">
      <UniqueIdentifier>{4FC737F1-C7A5-4376-A066-2A32D752A2FF}</UniqueIdentifier>
      <Extensions>cpp;c;cc;cxx;c++;cppm;ixx;def;odl;idl;hpj;bat;asm;asmx</Extensions>
    </Filter>
    <Filter Include="Header Files">
      <UniqueIdentifier>{93995380-89BD-4b04-88EB-625FBE52EBFB}</UniqueIdentifier>
      <Extensions>h;hh;hpp;hxx;h++;hm;inl;inc;ipp;xsd</Extensions>
    </Filter>
    <Filter Include="Resource Files">
      <UniqueIdentifier>{67DA6AB6-F800-4c08-8B7A-83BB121AAD01}</UniqueIdentifier>
      <Extensions>rc;ico;cur;bmp;dlg;rc2;rct;bin;rgs;gif;jpg;jpeg;jpe;resx;tiff;tif;png;wav;mfcribbon-ms</Extensions>
    </Filter>
  </ItemGroup>
  <ItemGroup>
    <ClCompile Include="main.cpp">
      <Filter>Source Files</Filter>
    </ClCompile>
    <ClCompile Include="src\screens\GameplayScreen.cpp">
      <Filter>Source Files</Filter>
    </ClCompile>
    <ClCompile Include="src\screens\LoadingScreen.cpp">
      <Filter>Source Files</Filter>
    </ClCompile>
    <ClCompile Include="src\Level.cpp">
      <Filter>Source Files</Filter>
    </ClCompile>
    <ClCompile Include="src\Assets.cpp">
      <Filter>Source Files</Filter>
    </ClCompile>
    <ClCompile Include="src\Game.cpp">
      <Filter>Source Files</Filter>
    </ClCompile>
    <ClCompile Include="src\systems\ParticleEntitySystem.cpp">
      <Filter>Source Files</Filter>
    </ClCompile>
    <ClCompile Include="src\systems\ProjectileEntitySystem.cpp">
      <Filter>Source Files</Filter>
    </ClCompile>
    <ClCompile Include="src\systems\PlayerEntitySystem.cpp">
      <Filter>Source Files</Filter>
    </ClCompile>
    <ClCompile Include="src\systems\EnemyEntitySystem.cpp">
      <Filter>Source Files</Filter>
    </ClCompile>
    <ClCompile Include="src\systems\CollisionDetectionSystem.cpp">
      <Filter>Source Files</Filter>
    </ClCompile>
    <ClCompile Include="src\systems\RenderSystem.cpp">
      <Filter>Source Files</Filter>
    </ClCompile>
    <ClCompile Include="src\EntityFactory.cpp">
      <Filter>Source Files</Filter>
    </ClCompile>
    <ClCompile Include="src\screens\MainMenuScreen.cpp">
      <Filter>Source Files</Filter>
    </ClCompile>
    <ClCompile Include="src\systems\LevelItemsSystem.cpp">
      <Filter>Source Files</Filter>
    </ClCompile>
  </ItemGroup>
  <ItemGroup>
    <ClInclude Include="include\components\PlayerComponent.hpp">
      <Filter>Header Files</Filter>
    </ClInclude>
    <ClInclude Include="include\Defines.h">
      <Filter>Header Files</Filter>
    </ClInclude>
    <ClInclude Include="include\components\ColliderComponent.hpp">
      <Filter>Header Files</Filter>
    </ClInclude>
    <ClInclude Include="include\Game.h">
      <Filter>Header Files</Filter>
    </ClInclude>
    <ClInclude Include="include\screens\GameplayScreen.h">
      <Filter>Header Files</Filter>
    </ClInclude>
    <ClInclude Include="include\Assets.h">
      <Filter>Header Files</Filter>
    </ClInclude>
    <ClInclude Include="include\screens\LoadingScreen.h">
      <Filter>Header Files</Filter>
    </ClInclude>
    <ClInclude Include="include\Level.hpp">
      <Filter>Header Files</Filter>
    </ClInclude>
    <ClInclude Include="include\components\EnemyComponent.hpp">
      <Filter>Header Files</Filter>
    </ClInclude>
    <ClInclude Include="include\components\AnimationComponent.hpp">
      <Filter>Header Files</Filter>
    </ClInclude>
    <ClInclude Include="include\components\CharacterComponent.h">
      <Filter>Header Files</Filter>
    </ClInclude>
    <ClInclude Include="include\components\DetectionComponent.hpp">
      <Filter>Header Files</Filter>
    </ClInclude>
    <ClInclude Include="include\components\RangeComponent.hpp">
      <Filter>Header Files</Filter>
    </ClInclude>
    <ClInclude Include="include\components\ProjectileComponent.hpp">
      <Filter>Header Files</Filter>
    </ClInclude>
    <ClInclude Include="include\components\AttackComponent.hpp">
      <Filter>Header Files</Filter>
    </ClInclude>
    <ClInclude Include="include\components\ParticleComponent.hpp">
      <Filter>Header Files</Filter>
    </ClInclude>
    <ClInclude Include="include\Entity.hpp">
      <Filter>Header Files</Filter>
    </ClInclude>
    <ClInclude Include="include\components\Component.hpp">
      <Filter>Header Files</Filter>
    </ClInclude>
    <ClInclude Include="include\EntityFactory.hpp">
      <Filter>Header Files</Filter>
    </ClInclude>
    <ClInclude Include="include\components\SpriteComponent.hpp">
      <Filter>Header Files</Filter>
    </ClInclude>
    <ClInclude Include="include\systems\ParticleEntitySystem.hpp">
      <Filter>Header Files</Filter>
    </ClInclude>
    <ClInclude Include="include\systems\IEntitySystem.hpp">
      <Filter>Header Files</Filter>
    </ClInclude>
    <ClInclude Include="include\systems\ProjectileEntitySystem.hpp">
      <Filter>Header Files</Filter>
    </ClInclude>
    <ClInclude Include="include\systems\PlayerEntitySystem.hpp">
      <Filter>Header Files</Filter>
    </ClInclude>
    <ClInclude Include="include\systems\EnemyEntitySystem.hpp">
      <Filter>Header Files</Filter>
    </ClInclude>
    <ClInclude Include="include\screens\Screen.hpp">
      <Filter>Header Files</Filter>
    </ClInclude>
    <ClInclude Include="include\systems\CollisionDetectionSystem.hpp">
      <Filter>Header Files</Filter>
    </ClInclude>
    <ClInclude Include="include\systems\RenderSystem.hpp">
      <Filter>Header Files</Filter>
    </ClInclude>
    <ClInclude Include="include\Engine.hpp">
      <Filter>Header Files</Filter>
    </ClInclude>
    <ClInclude Include="include\screens\MainMenuScreen.hpp">
      <Filter>Header Files</Filter>
    </ClInclude>
    <ClInclude Include="include\components\ChestComponent.hpp">
      <Filter>Header Files</Filter>
    </ClInclude>
    <ClInclude Include="include\systems\LevelItemsSystem.hpp">
      <Filter>Header Files</Filter>
    </ClInclude>
    <ClInclude Include="include\components\CoinComponent.hpp">
      <Filter>Header Files</Filter>
    </ClInclude>
  </ItemGroup>
</Project>